<Solution>
  <Folder Name="/src/">
    <Project Path="src/FCG.Application/FCG.Application.csproj" Id="4c58220d-e325-40df-a09a-e2e162bdda6a" />
    <Project Path="src/FCG.Core.Core/FCG.Core.Core.csproj" />
    <Project Path="src/FCG.Core/FCG.Core.csproj" />
    <Project Path="src/FCG.Infra/FCG.Infra.csproj" />
    <Project Path="src/FCG.WebApi/FCG.WebApi.csproj" />
  </Folder>
</Solution>
